
Microsoft Visual Studio Solution File, Format Version 12.00
# Visual Studio Version 16
VisualStudioVersion = 25.0.1705.4
MinimumVisualStudioVersion = 10.0.40219.1
Project("{FAE04EC0-301F-11D3-BF4B-00C04F79EFBC}") = "API", "API\API.csproj", "{D01FC26E-EBD1-48D0-9D2B-6586583877EC}"
EndProject
Global
	GlobalSection(SolutionConfigurationPlatforms) = preSolution
		Debug|Any CPU = Debug|Any CPU
		Release|Any CPU = Release|Any CPU
	EndGlobalSection
	GlobalSection(ProjectConfigurationPlatforms) = postSolution
		{D01FC26E-EBD1-48D0-9D2B-6586583877EC}.Debug|Any CPU.ActiveCfg = Debug|Any CPU
		{D01FC26E-EBD1-48D0-9D2B-6586583877EC}.Debug|Any CPU.Build.0 = Debug|Any CPU
		{D01FC26E-EBD1-48D0-9D2B-6586583877EC}.Release|Any CPU.ActiveCfg = Release|Any CPU
		{D01FC26E-EBD1-48D0-9D2B-6586583877EC}.Release|Any CPU.Build.0 = Release|Any CPU
	EndGlobalSection
	GlobalSection(SolutionProperties) = preSolution
		HideSolutionNode = FALSE
	EndGlobalSection
	GlobalSection(ExtensibilityGlobals) = postSolution
		SolutionGuid = {5F85F742-5168-4A72-B0D4-0C945EC6EDE1}
	EndGlobalSection
EndGlobal
